
Microsoft Visual Studio Solution File, Format Version 12.00
# Visual Studio 2012
Project("{FAE04EC0-301F-11D3-BF4B-00C04F79EFBC}") = "CONtester", "CONTester\CONtester.csproj", "{81F3AEB6-6285-41A2-9A0F-7CAA1528CF14}"
EndProject
Global
	GlobalSection(SolutionConfigurationPlatforms) = preSolution
		Debug|Any CPU = Debug|Any CPU
		Release|Any CPU = Release|Any CPU
	EndGlobalSection
	GlobalSection(ProjectConfigurationPlatforms) = postSolution
		{81F3AEB6-6285-41A2-9A0F-7CAA1528CF14}.Debug|Any CPU.ActiveCfg = Debug|Any CPU
		{81F3AEB6-6285-41A2-9A0F-7CAA1528CF14}.Debug|Any CPU.Build.0 = Debug|Any CPU
		{81F3AEB6-6285-41A2-9A0F-7CAA1528CF14}.Release|Any CPU.ActiveCfg = Release|Any CPU
		{81F3AEB6-6285-41A2-9A0F-7CAA1528CF14}.Release|Any CPU.Build.0 = Release|Any CPU
	EndGlobalSection
	GlobalSection(SolutionProperties) = preSolution
		HideSolutionNode = FALSE
	EndGlobalSection
EndGlobal
